version = 1
revision = 3
requires-python = ">=3.12"

[[package]]
name = "colorama"
version = "0.4.6"
source = { registry = "https://pypi.org/simple" }
sdist = { url = "https://files.pythonhosted.org/packages/d8/53/6f443c9a4a8358a93a6792e2acffb9d9d5cb0a5cfd8802644b7b1c9a02e4/colorama-0.4.6.tar.gz", hash = "sha256:08695f5cb7ed6e0531a20572697297273c47b8cae5a63ffc6d6ed5c201be6e44", size = 27697, upload-time = "2022-10-25T02:36:22.414Z" }
wheels = [
    { url = "https://files.pythonhosted.org/packages/d1/d6/3965ed04c63042e047cb6a3e6ed1a63a35087b6a609aa3a15ed8ac56c221/colorama-0.4.6-py2.py3-none-any.whl", hash = "sha256:4f1d9991f5acc0ca119f9d443620b77f9d6b33703e51011c16baf57afb285fc6", size = 25335, upload-time = "2022-10-25T02:36:20.889Z" },
]

[[package]]
name = "iniconfig"
version = "2.3.0"
source = { registry = "https://pypi.org/simple" }
sdist = { url = "https://files.pythonhosted.org/packages/72/34/14ca021ce8e5dfedc35312d08ba8bf51fdd999c576889fc2c24cb97f4f10/iniconfig-2.3.0.tar.gz", hash = "sha256:c76315c77db068650d49c5b56314774a7804df16fee4402c1f19d6d15d8c4730", size = 20503, upload-time = "2025-10-18T21:55:43.219Z" }
wheels = [
    { url = "https://files.pythonhosted.org/packages/cb/b1/3846dd7f199d53cb17f49cba7e651e9ce294d8497c8c150530ed11865bb8/iniconfig-2.3.0-py3-none-any.whl", hash = "sha256:f631c04d2c48c52b84d0d0549c99ff3859c98df65b3101406327ecc7d53fbf12", size = 7484, upload-time = "2025-10-18T21:55:41.639Z" },
]

[[package]]
name = "maturin"
version = "1.13.2"
source = { registry = "https://pypi.org/simple" }
sdist = { url = "https://files.pythonhosted.org/packages/62/72/75624ab4af4c42e026ba938582dbad5fe570977f4e8b6ea063b9659ba3b9/maturin-1.13.2.tar.gz", hash = "sha256:17fa44f1ea0d9794b322a5cd91a3aa9a574bf55dfc15789a01e37bfce7903911", size = 357392, upload-time = "2026-05-10T06:28:16.643Z" }
wheels = [
    { url = "https://files.pythonhosted.org/packages/14/6e/97d58fdc8248760eca356775e4d9c30cb567f481e4c6f5c7f0e9f6130d14/maturin-1.13.2-py3-none-linux_armv6l.whl", hash = "sha256:2ccd12f230b5c9fcaa19491b0d9dc954453e079ae16cb8b08148988f14728000", size = 10191606, upload-time = "2026-05-10T06:28:24.058Z" },
    { url = "https://files.pythonhosted.org/packages/2f/fd/c7787a3b0410922e69d636bb9a1cd77fb19393ad6084dce1047d65f9d1f0/maturin-1.13.2-py3-none-macosx_10_12_x86_64.macosx_11_0_arm64.macosx_10_12_universal2.whl", hash = "sha256:03e8325993eca886804fce89c1637fae5111941cbb99f78d87dd7c63641fd582", size = 19720761, upload-time = "2026-05-10T06:28:32.77Z" },
    { url = "https://files.pythonhosted.org/packages/3a/4e/3c1b3dad6291201cda97da0e9d8461b8f0580fb8fde4dde5c58a8d429095/maturin-1.13.2-py3-none-macosx_10_12_x86_64.whl", hash = "sha256:8fa0a118737149af3503c35cf395ef83b1143afa2dfc197b519292d46fec3e90", size = 10203516, upload-time = "2026-05-10T06:28:18Z" },
    { url = "https://files.pythonhosted.org/packages/38/9c/ce36317392d601160723d112918b2a5437ff4ad788d77116a704085bc43d/maturin-1.13.2-py3-none-manylinux_2_12_i686.manylinux2010_i686.musllinux_1_1_i686.whl", hash = "sha256:6b6e84c9e03cb86a7e168ac992f54e29cba7ed1d9e7398b75468cc4730e95eaa", size = 10160030, upload-time = "2026-05-10T06:28:22.216Z" },
    { url = "https://files.pythonhosted.org/packages/5e/78/19bea8c837baab3b6b02e77c3486603a9a18c5bdb4c232475db9de2367a3/maturin-1.13.2-py3-none-manylinux_2_12_x86_64.manylinux2010_x86_64.musllinux_1_1_x86_64.whl", hash = "sha256:40c1a8cbd99cd46a500d710885237be4d32b2306a3df74881035f4f61a793a63", size = 10684058, upload-time = "2026-05-10T06:28:34.998Z" },
    { url = "https://files.pythonhosted.org/packages/d7/58/09e9035d2bfd3e26d087e95a24de17180e643170b4489591ef1fc083dfe4/maturin-1.13.2-py3-none-manylinux_2_17_aarch64.manylinux2014_aarch64.musllinux_1_1_aarch64.whl", hash = "sha256:386806ae32642b9a94c35e6a8d177965567d72c052eea351b51e5a3b757ccd0a", size = 10058766, upload-time = "2026-05-10T06:28:20.102Z" },
    { url = "https://files.pythonhosted.org/packages/a9/74/66eacffd483cfbc8d6f97163ac063b685eea9cbebd335ea4cc7e92d2e431/maturin-1.13.2-py3-none-manylinux_2_17_armv7l.manylinux2014_armv7l.musllinux_1_1_armv7l.whl", hash = "sha256:6ae19eb0fecf35907747b909da2401d122ca4d146f45453f0e629a7dd5ea9ad1", size = 10011978, upload-time = "2026-05-10T06:28:26.383Z" },
    { url = "https://files.pythonhosted.org/packages/02/c0/116cc32eb3a9a5306482d59bb981beccc2f1506a65d6faa5214e40d612bd/maturin-1.13.2-py3-none-manylinux_2_17_ppc64le.manylinux2014_ppc64le.musllinux_1_1_ppc64le.whl", hash = "sha256:535899d204bdb479e164f9c6fc4b263e400c0390ba825736a08215b2cf4599d9", size = 13301900, upload-time = "2026-05-10T06:28:11.884Z" },
    { url = "https://files.pythonhosted.org/packages/a0/77/16e0ac3b767f4f6dfe7d0c5cfaf8418b6456aab505e07badf127ae100444/maturin-1.13.2-py3-none-manylinux_2_17_s390x.manylinux2014_s390x.whl", hash = "sha256:f448e2eccc15fe1729038bc5fb5252cdbc0f1bbfc488c40ec3a2167e9b734692", size = 10942207, upload-time = "2026-05-10T06:28:28.228Z" },
    { url = "https://files.pythonhosted.org/packages/de/27/64eef49d7c75f95f910868972b0b6f5998c487488e940eac37a2f39af8eb/maturin-1.13.2-py3-none-manylinux_2_31_riscv64.musllinux_1_1_riscv64.whl", hash = "sha256:0de9b26bef8f0719bd2747b101960c96a5a8520269717f851d26067cccb057d9", size = 10386506, upload-time = "2026-05-10T06:28:14.466Z" },
    { url = "https://files.pythonhosted.org/packages/9c/81/feb31791486d83ecb64b2832a16248415a47342d781cb11f4fd7c0a6ae58/maturin-1.13.2-py3-none-win32.whl", hash = "sha256:166639db5dc1103f8d1ccf08767379a5655e9561a37c0dec14d67fe450c29725", size = 8899170, upload-time = "2026-05-10T06:28:37.553Z" },
    { url = "https://files.pythonhosted.org/packages/5a/e9/a164f91abec7eb289899d35538cba9165556a0ba04aefe0dab67549f3758/maturin-1.13.2-py3-none-win_amd64.whl", hash = "sha256:775aa8e7f77430f3072c42a40f516c5d395861a6701531c6a9fca8ec1c3648c4", size = 10338686, upload-time = "2026-05-10T06:28:39.61Z" },
    { url = "https://files.pythonhosted.org/packages/8d/38/b210406cdb7a9ddd15bbe8845e256a35a97ea350feb900ea18b7b3b4c085/maturin-1.13.2-py3-none-win_arm64.whl", hash = "sha256:34974eeb3b05145ce95993decb395d8284aff3b3ddafe8526178908a6f42376a", size = 9710053, upload-time = "2026-05-10T06:28:30.396Z" },
]

[[package]]
name = "packaging"
version = "26.2"
source = { registry = "https://pypi.org/simple" }
sdist = { url = "https://files.pythonhosted.org/packages/d7/f1/e7a6dd94a8d4a5626c03e4e99c87f241ba9e350cd9e6d75123f992427270/packaging-26.2.tar.gz", hash = "sha256:ff452ff5a3e828ce110190feff1178bb1f2ea2281fa2075aadb987c2fb221661", size = 228134, upload-time = "2026-04-24T20:15:23.917Z" }
wheels = [
    { url = "https://files.pythonhosted.org/packages/df/b2/87e62e8c3e2f4b32e5fe99e0b86d576da1312593b39f47d8ceef365e95ed/packaging-26.2-py3-none-any.whl", hash = "sha256:5fc45236b9446107ff2415ce77c807cee2862cb6fac22b8a73826d0693b0980e", size = 100195, upload-time = "2026-04-24T20:15:22.081Z" },
]

[[package]]
name = "pluggy"
version = "1.6.0"
source = { registry = "https://pypi.org/simple" }
sdist = { url = "https://files.pythonhosted.org/packages/f9/e2/3e91f31a7d2b083fe6ef3fa267035b518369d9511ffab804f839851d2779/pluggy-1.6.0.tar.gz", hash = "sha256:7dcc130b76258d33b90f61b658791dede3486c3e6bfb003ee5c9bfb396dd22f3", size = 69412, upload-time = "2025-05-15T12:30:07.975Z" }
wheels = [
    { url = "https://files.pythonhosted.org/packages/54/20/4d324d65cc6d9205fabedc306948156824eb9f0ee1633355a8f7ec5c66bf/pluggy-1.6.0-py3-none-any.whl", hash = "sha256:e920276dd6813095e9377c0bc5566d94c932c33b27a3e3945d8389c374dd4746", size = 20538, upload-time = "2025-05-15T12:30:06.134Z" },
]

[[package]]
name = "pygments"
version = "2.20.0"
source = { registry = "https://pypi.org/simple" }
sdist = { url = "https://files.pythonhosted.org/packages/c3/b2/bc9c9196916376152d655522fdcebac55e66de6603a76a02bca1b6414f6c/pygments-2.20.0.tar.gz", hash = "sha256:6757cd03768053ff99f3039c1a36d6c0aa0b263438fcab17520b30a303a82b5f", size = 4955991, upload-time = "2026-03-29T13:29:33.898Z" }
wheels = [
    { url = "https://files.pythonhosted.org/packages/f4/7e/a72dd26f3b0f4f2bf1dd8923c85f7ceb43172af56d63c7383eb62b332364/pygments-2.20.0-py3-none-any.whl", hash = "sha256:81a9e26dd42fd28a23a2d169d86d7ac03b46e2f8b59ed4698fb4785f946d0176", size = 1231151, upload-time = "2026-03-29T13:29:30.038Z" },
]

[[package]]
name = "pytest"
version = "9.0.3"
source = { registry = "https://pypi.org/simple" }
dependencies = [
    { name = "colorama", marker = "sys_platform == 'win32'" },
    { name = "iniconfig" },
    { name = "packaging" },
    { name = "pluggy" },
    { name = "pygments" },
]
sdist = { url = "https://files.pythonhosted.org/packages/7d/0d/549bd94f1a0a402dc8cf64563a117c0f3765662e2e668477624baeec44d5/pytest-9.0.3.tar.gz", hash = "sha256:b86ada508af81d19edeb213c681b1d48246c1a91d304c6c81a427674c17eb91c", size = 1572165, upload-time = "2026-04-07T17:16:18.027Z" }
wheels = [
    { url = "https://files.pythonhosted.org/packages/d4/24/a372aaf5c9b7208e7112038812994107bc65a84cd00e0354a88c2c77a617/pytest-9.0.3-py3-none-any.whl", hash = "sha256:2c5efc453d45394fdd706ade797c0a81091eccd1d6e4bccfcd476e2b8e0ab5d9", size = 375249, upload-time = "2026-04-07T17:16:16.13Z" },
]

[[package]]
name = "ruff"
version = "0.15.12"
source = { registry = "https://pypi.org/simple" }
sdist = { url = "https://files.pythonhosted.org/packages/99/43/3291f1cc9106f4c63bdce7a8d0df5047fe8422a75b091c16b5e9355e0b11/ruff-0.15.12.tar.gz", hash = "sha256:ecea26adb26b4232c0c2ca19ccbc0083a68344180bba2a600605538ce51a40a6", size = 4643852, upload-time = "2026-04-24T18:17:14.305Z" }
wheels = [
    { url = "https://files.pythonhosted.org/packages/c3/6e/e78ffb61d4686f3d96ba3df2c801161843746dcbcbb17a1e927d4829312b/ruff-0.15.12-py3-none-linux_armv6l.whl", hash = "sha256:f86f176e188e94d6bdbc09f09bfd9dc729059ad93d0e7390b5a73efe19f8861c", size = 10640713, upload-time = "2026-04-24T18:17:22.841Z" },
    { url = "https://files.pythonhosted.org/packages/ae/08/a317bc231fb9e7b93e4ef3089501e51922ff88d6936ce5cf870c4fe55419/ruff-0.15.12-py3-none-macosx_10_12_x86_64.whl", hash = "sha256:e3bcd123364c3770b8e1b7baaf343cc99a35f197c5c6e8af79015c666c423a6c", size = 11069267, upload-time = "2026-04-24T18:17:30.105Z" },
    { url = "https://files.pythonhosted.org/packages/aa/a4/f828e9718d3dce1f5f11c39c4f65afd32783c8b2aebb2e3d259e492c47bd/ruff-0.15.12-py3-none-macosx_11_0_arm64.whl", hash = "sha256:fe87510d000220aa1ed530d4448a7c696a0cae1213e5ec30e5874287b66557b5", size = 10397182, upload-time = "2026-04-24T18:17:07.177Z" },
    { url = "https://files.pythonhosted.org/packages/71/e0/3310fc6d1b5e1fdea22bf3b1b807c7e187b581021b0d7d4514cccdb5fb71/ruff-0.15.12-py3-none-manylinux_2_17_aarch64.manylinux2014_aarch64.whl", hash = "sha256:84a1630093121375a3e2a95b4a6dc7b59e2b4ee76216e32d81aae550a832d002", size = 10758012, upload-time = "2026-04-24T18:16:55.759Z" },
    { url = "https://files.pythonhosted.org/packages/11/c1/a606911aee04c324ddaa883ae418f3569792fd3c4a10c50e0dd0a2311e1e/ruff-0.15.12-py3-none-manylinux_2_17_armv7l.manylinux2014_armv7l.whl", hash = "sha256:fb129f40f114f089ebe0ca56c0d251cf2061b17651d464bb6478dc01e69f11f5", size = 10447479, upload-time = "2026-04-24T18:16:51.677Z" },
    { url = "https://files.pythonhosted.org/packages/9d/68/4201e8444f0894f21ab4aeeaee68aa4f10b51613514a20d80bd628d57e88/ruff-0.15.12-py3-none-manylinux_2_17_i686.manylinux2014_i686.whl", hash = "sha256:b0c862b172d695db7598426b8af465e7e9ac00a3ea2a3630ee67eb82e366aaa6", size = 11234040, upload-time = "2026-04-24T18:17:16.529Z" },
    { url = "https://files.pythonhosted.org/packages/34/ff/8a6d6cf4ccc23fd67060874e832c18919d1557a0611ebef03fdb01fff11e/ruff-0.15.12-py3-none-manylinux_2_17_ppc64le.manylinux2014_ppc64le.whl", hash = "sha256:2849ea9f3484c3aca43a82f484210370319e7170df4dfe4843395ddf6c57bc33", size = 12087377, upload-time = "2026-04-24T18:17:04.944Z" },
    { url = "https://files.pythonhosted.org/packages/85/f6/c669cf73f5152f623d34e69866a46d5e6185816b19fcd5b6dd8a2d299922/ruff-0.15.12-py3-none-manylinux_2_17_s390x.manylinux2014_s390x.whl", hash = "sha256:9e77c7e51c07fe396826d5969a5b846d9cd4c402535835fb6e21ce8b28fef847", size = 11367784, upload-time = "2026-04-24T18:17:25.409Z" },
    { url = "https://files.pythonhosted.org/packages/e8/39/c61d193b8a1daaa8977f7dea9e8d8ba866e02ea7b65d32f6861693aa4c12/ruff-0.15.12-py3-none-manylinux_2_17_x86_64.manylinux2014_x86_64.whl", hash = "sha256:83b2f4f2f3b1026b5fb449b467d9264bf22067b600f7b6f41fc5958909f449d0", size = 11344088, upload-time = "2026-04-24T18:17:12.258Z" },
    { url = "https://files.pythonhosted.org/packages/c2/8d/49afab3645e31e12c590acb6d3b5b69d7aab5b81926dbaf7461f9441f37a/ruff-0.15.12-py3-none-manylinux_2_31_riscv64.whl", hash = "sha256:9ba3b8f1afd7e2e43d8943e55f249e13f9682fde09711644a6e7290eb4f3e339", size = 11271770, upload-time = "2026-04-24T18:17:02.457Z" },
    { url = "https://files.pythonhosted.org/packages/46/06/33f41fe94403e2b755481cdfb9b7ef3e4e0ed031c4581124658d935d52b4/ruff-0.15.12-py3-none-musllinux_1_2_aarch64.whl", hash = "sha256:e852ba9fdc890655e1d78f2df1499efbe0e54126bd405362154a75e2bde159c5", size = 10719355, upload-time = "2026-04-24T18:17:27.648Z" },
    { url = "https://files.pythonhosted.org/packages/0d/59/18aa4e014debbf559670e4048e39260a85c7fcee84acfd761ac01e7b8d35/ruff-0.15.12-py3-none-musllinux_1_2_armv7l.whl", hash = "sha256:dd8aed930da53780d22fc70bdf84452c843cf64f8cb4eb38984319c24c5cd5fd", size = 10462758, upload-time = "2026-04-24T18:17:32.347Z" },
    { url = "https://files.pythonhosted.org/packages/25/e7/cc9f16fd0f3b5fddcbd7ec3d6ae30c8f3fde1047f32a4093a98d633c6570/ruff-0.15.12-py3-none-musllinux_1_2_i686.whl", hash = "sha256:01da3988d225628b709493d7dc67c3b9b12c0210016b08690ef9bd27970b262b", size = 10953498, upload-time = "2026-04-24T18:17:20.674Z" },
    { url = "https://files.pythonhosted.org/packages/72/7a/a9ba7f98c7a575978698f4230c5e8cc54bbc761af34f560818f933dafa0c/ruff-0.15.12-py3-none-musllinux_1_2_x86_64.whl", hash = "sha256:9cae0f92bd5700d1213188b31cd3bdd2b315361296d10b96b8e2337d3d11f53e", size = 11447765, upload-time = "2026-04-24T18:17:09.755Z" },
    { url = "https://files.pythonhosted.org/packages/ea/f9/0ae446942c846b8266059ad8a30702a35afae55f5cdc54c5adf8d7afdc27/ruff-0.15.12-py3-none-win32.whl", hash = "sha256:d0185894e038d7043ba8fd6aee7499ece6462dc0ea9f1e260c7451807c714c20", size = 10657277, upload-time = "2026-04-24T18:17:18.591Z" },
    { url = "https://files.pythonhosted.org/packages/33/f1/9614e03e1cdcbf9437570b5400ced8a720b5db22b28d8e0f1bda429f660d/ruff-0.15.12-py3-none-win_amd64.whl", hash = "sha256:c87a162d61ab3adca47c03f7f717c68672edec7d1b5499e652331780fe74950d", size = 11837758, upload-time = "2026-04-24T18:17:00.113Z" },
    { url = "https://files.pythonhosted.org/packages/c0/98/6beb4b351e472e5f4c4613f7c35a5290b8be2497e183825310c4c3a3984b/ruff-0.15.12-py3-none-win_arm64.whl", hash = "sha256:a538f7a82d061cee7be55542aca1d86d1393d55d81d4fcc314370f4340930d4f", size = 11120821, upload-time = "2026-04-24T18:16:57.979Z" },
]

[[package]]
name = "tiexiu"
source = { editable = "." }

[package.dev-dependencies]
dev = [
    { name = "maturin" },
    { name = "pytest" },
    { name = "ruff" },
    { name = "tiexiu" },
    { name = "uv" },
]
test = [
    { name = "pytest" },
]

[package.metadata]

[package.metadata.requires-dev]
dev = [
    { name = "maturin", specifier = ">=1.13.1" },
    { name = "pytest", specifier = ">=9.0.3" },
    { name = "ruff", specifier = ">=0.15.12" },
    { name = "tiexiu", editable = "." },
    { name = "uv", specifier = ">=0.11.10" },
]
test = [{ name = "pytest", specifier = ">=9.0.3" }]

[[package]]
name = "uv"
version = "0.11.12"
source = { registry = "https://pypi.org/simple" }
sdist = { url = "https://files.pythonhosted.org/packages/a6/c1/20f3946ddf75e078eaac1f8ce5c7f3af1c713d4ccf1da9afba9d79b0c9c9/uv-0.11.12.tar.gz", hash = "sha256:2d85d1fe06bafddf9632ec5c8ac24f86bd6eb7ec21e650be8c3565b600b502c9", size = 4120320, upload-time = "2026-05-08T22:35:33.281Z" }
wheels = [
    { url = "https://files.pythonhosted.org/packages/9a/71/02cc671b2d519f45e8833e97f7cce5ffbbaf3f12edf709726cdacc0778e8/uv-0.11.12-py3-none-linux_armv6l.whl", hash = "sha256:71b3f7956f3df2e9d1b25b4c6fcfd47855160c0187260d01f238000a72c867ba", size = 23512789, upload-time = "2026-05-08T22:35:03.634Z" },
    { url = "https://files.pythonhosted.org/packages/17/ba/ac335ec49f34f2aa4f8ecaf62cece1096c09db311ddbdfddb98d472d4208/uv-0.11.12-py3-none-macosx_10_12_x86_64.whl", hash = "sha256:6cf0cc4e5a83c1e1a6894631c317c6bd674b760712a0d106133d115b6fa451d8", size = 23053620, upload-time = "2026-05-08T22:34:59.991Z" },
    { url = "https://files.pythonhosted.org/packages/7a/1e/a0607bcccfdaa4b28e5bc79f74242f44d399b6ff58c3a6e3c18b99af8681/uv-0.11.12-py3-none-macosx_11_0_arm64.whl", hash = "sha256:df25f369365aea90b768d396baf49ea62ab9e9d99a790a7f6643c8a72c390a28", size = 21698677, upload-time = "2026-05-08T22:35:47.309Z" },
    { url = "https://files.pythonhosted.org/packages/8b/28/12f7fc22c65c76470edf76f351f89cc6d11dd1b54c8f865afc643aa018a2/uv-0.11.12-py3-none-manylinux_2_17_aarch64.manylinux2014_aarch64.musllinux_1_1_aarch64.whl", hash = "sha256:3187c205a82f4ff3b29447483a355f3ddd740a3f5e0128db3bb5c416adacd569", size = 23300999, upload-time = "2026-05-08T22:35:49.941Z" },
    { url = "https://files.pythonhosted.org/packages/bb/5b/b078fe3e83cd27e4e73fef525acf4f6c3540236b3326f14d05c2d65167a6/uv-0.11.12-py3-none-manylinux_2_17_armv7l.manylinux2014_armv7l.musllinux_1_1_armv7l.whl", hash = "sha256:d9e716e454aa9c07f192f921e08db3a07a9c6f01886c835eaa10cc79b2213e40", size = 23103569, upload-time = "2026-05-08T22:35:07.138Z" },
    { url = "https://files.pythonhosted.org/packages/42/c3/dc080a98514d015705d40bb85774639d28888785f643d784baaec832ce1d/uv-0.11.12-py3-none-manylinux_2_17_armv7l.manylinux2014_armv7l.whl", hash = "sha256:a7807dcbbf47ca738d6123facbdab439d1a358681dd1f6caba8a1d9c3e7ce0e3", size = 23086618, upload-time = "2026-05-08T22:35:21.675Z" },
    { url = "https://files.pythonhosted.org/packages/c3/cf/fea1d305718826f4227de10a271b35f048c01e2e561e2720c75809cd4bd3/uv-0.11.12-py3-none-manylinux_2_17_i686.manylinux2014_i686.whl", hash = "sha256:553af0feadb6d8446ff05db1c30bebba33061ac23fb81ccb69838fc480e8c33f", size = 24544002, upload-time = "2026-05-08T22:35:30.519Z" },
    { url = "https://files.pythonhosted.org/packages/01/76/1dac20e5893970be5cfd5015c84372e9758b03a05000c26e5fa58e76e0e7/uv-0.11.12-py3-none-manylinux_2_17_ppc64le.manylinux2014_ppc64le.whl", hash = "sha256:cd262f13f9340e70ee60f97c345cfd5f67bfd5e5b373e43f3d54b85a893df502", size = 25445896, upload-time = "2026-05-08T22:35:10.201Z" },
    { url = "https://files.pythonhosted.org/packages/6a/1b/a5adc0ef874ed990418ee1eeec2ccd1ec7f659bf5799c06ae32da19146bd/uv-0.11.12-py3-none-manylinux_2_17_s390x.manylinux2014_s390x.whl", hash = "sha256:fcae32b4ce5ba6f127018ec89ffbfb3c16c83baec23954231051a8d799558e23", size = 24570128, upload-time = "2026-05-08T22:35:38.795Z" },
    { url = "https://files.pythonhosted.org/packages/1f/6d/c5358fea35ef36ae21592ad7bc3645679bc202be39f0f82cba801375c347/uv-0.11.12-py3-none-manylinux_2_17_x86_64.manylinux2014_x86_64.whl", hash = "sha256:a4d328e49a5104932677df064321cb2ac79e13fa81303593d673de2395ff6f95", size = 24677717, upload-time = "2026-05-08T22:35:24.699Z" },
    { url = "https://files.pythonhosted.org/packages/01/e8/6b18397e17ce26479845e3fd3a4d9f558f43c7bd2cf1f31a29c31578fae4/uv-0.11.12-py3-none-manylinux_2_28_aarch64.whl", hash = "sha256:81977a8a86346775cca24c94dcd498e4bbbcdf5c6fd60b1f2922fcab2208e653", size = 23402096, upload-time = "2026-05-08T22:35:44.641Z" },
    { url = "https://files.pythonhosted.org/packages/78/f1/15392d25d067e516e6efcead75cca6ff1b5024d172148b4f9f91d0edd3ce/uv-0.11.12-py3-none-manylinux_2_31_riscv64.musllinux_1_1_riscv64.whl", hash = "sha256:eb7fd1c040581906d09a900785efa41c229fece1b193c119b2913fee5459e29b", size = 24108663, upload-time = "2026-05-08T22:35:15.895Z" },
    { url = "https://files.pythonhosted.org/packages/01/f9/442cc171a87abb0a322c66bf20593e49c1fabf659cde930d49471d925ae9/uv-0.11.12-py3-none-manylinux_2_31_riscv64.whl", hash = "sha256:b80ea799efa0c3a86534ffcdf6a99e291fca4517209d34e861adf28d51cf573c", size = 24215287, upload-time = "2026-05-08T22:35:27.447Z" },
    { url = "https://files.pythonhosted.org/packages/be/0a/fe3bd7dea02304163c831a82c10530d4199e89d940400a3cd8ef2d3bdacf/uv-0.11.12-py3-none-musllinux_1_1_i686.whl", hash = "sha256:5170579a363f55128918e23c0e9af1a4c5532419d2a1bce3fe888d49b4bb0ef5", size = 23837682, upload-time = "2026-05-08T22:35:35.726Z" },
    { url = "https://files.pythonhosted.org/packages/ac/1e/01f9095a939339d8e8dc0343bf84c5d237a6d723695d751f2f7952cc349e/uv-0.11.12-py3-none-musllinux_1_1_x86_64.whl", hash = "sha256:97d4653fc4fc519de7cd5d468f819b62b73b0243f9428835cf2d3758750e4563", size = 24856364, upload-time = "2026-05-08T22:35:12.933Z" },
    { url = "https://files.pythonhosted.org/packages/f7/a2/1fa50da5cecce662caf17dc10852cb86e608b6fe23b96b15d2841078a0cc/uv-0.11.12-py3-none-win32.whl", hash = "sha256:3de47735af15df6f6c34771de43d547612149611de6b75295f25501950e27a3e", size = 22566097, upload-time = "2026-05-08T22:35:52.607Z" },
    { url = "https://files.pythonhosted.org/packages/2f/8c/ba75190f8d8169e996f723f4ef090aa78a002a192585de96ddcb0ab07df2/uv-0.11.12-py3-none-win_amd64.whl", hash = "sha256:8c0d17c5a6c9519244271b5e454b8748127bb848b6bb30250c417ac7405de28e", size = 25179210, upload-time = "2026-05-08T22:35:18.723Z" },
    { url = "https://files.pythonhosted.org/packages/1b/fc/1ec8943b942750e92476e58896602f2aebdada3659ca71dab37b6be94e44/uv-0.11.12-py3-none-win_arm64.whl", hash = "sha256:b5ef4274fae91700e9a010c8a904f36c3ad1253e6880f54aa5a6e1d6321b4117", size = 23585849, upload-time = "2026-05-08T22:35:41.597Z" },
]
